{
  "lockfileVersion": 1,
  "configVersion": 1,
  "workspaces": {
    "": {
      "name": "video-extractor",
      "dependencies": {
        "z-ai-web-dev-sdk": "^0.0.18",
      },
    },
  },
  "packages": {
    "z-ai-web-dev-sdk": ["z-ai-web-dev-sdk@0.0.18", "", { "bin": { "z-ai": "dist/cli.js", "z-ai-generate": "dist/cli.js" } }, "sha512-xVoZIEME2F+/Z06orHCgUKzOMuFPhoHuzN4ZFZqcD71g11nzbzq2jKSP53igi3lJFE8ZbMB4WKb4gp6lCGrMXQ=="],
  }
}
